// !$*UTF8*$!
{
	archiveVersion = 1;
	classes = {
	};
	objectVersion = 50;
	objects = {

/* Begin PBXBuildFile section */
		0E86693B9F946210AC42E606 /* Pods_Lyrics_Finder.framework in Frameworks */ = {isa = PBXBuildFile; fileRef = FC9A41B01C251F5453B09FFD /* Pods_Lyrics_Finder.framework */; };
		5B25A0122110A9420063A31C /* AppDelegate.swift in Sources */ = {isa = PBXBuildFile; fileRef = 5B25A0112110A9420063A31C /* AppDelegate.swift */; };
		5B25A0142110A9420063A31C /* ViewController.swift in Sources */ = {isa = PBXBuildFile; fileRef = 5B25A0132110A9420063A31C /* ViewController.swift */; };
		5B25A0172110A9420063A31C /* Main.storyboard in Resources */ = {isa = PBXBuildFile; fileRef = 5B25A0152110A9420063A31C /* Main.storyboard */; };
		5B25A0192110A9440063A31C /* Assets.xcassets in Resources */ = {isa = PBXBuildFile; fileRef = 5B25A0182110A9440063A31C /* Assets.xcassets */; };
		5B25A01C2110A9440063A31C /* LaunchScreen.storyboard in Resources */ = {isa = PBXBuildFile; fileRef = 5B25A01A2110A9440063A31C /* LaunchScreen.storyboard */; };
/* End PBXBuildFile section */

/* Begin PBXFileReference section */
		5B25A00E2110A9420063A31C /* Lyrics Finder.app */ = {isa = PBXFileReference; explicitFileType = wrapper.application; includeInIndex = 0; path = "Lyrics Finder.app"; sourceTree = BUILT_PRODUCTS_DIR; };
		5B25A0112110A9420063A31C /* AppDelegate.swift */ = {isa = PBXFileReference; lastKnownFileType = sourcecode.swift; path = AppDelegate.swift; sourceTree = "<group>"; };
		5B25A0132110A9420063A31C /* ViewController.swift */ = {isa = PBXFileReference; lastKnownFileType = sourcecode.swift; path = ViewController.swift; sourceTree = "<group>"; };
		5B25A0162110A9420063A31C /* Base */ = {isa = PBXFileReference; lastKnownFileType = file.storyboard; name = Base; path = Base.lproj/Main.storyboard; sourceTree = "<group>"; };
		5B25A0182110A9440063A31C /* Assets.xcassets */ = {isa = PBXFileReference; lastKnownFileType = folder.assetcatalog; path = Assets.xcassets; sourceTree = "<group>"; };
		5B25A01B2110A9440063A31C /* Base */ = {isa = PBXFileReference; lastKnownFileType = file.storyboard; name = Base; path = Base.lproj/LaunchScreen.storyboard; sourceTree = "<group>"; };
		5B25A01D2110A9440063A31C /* Info.plist */ = {isa = PBXFileReference; lastKnownFileType = text.plist.xml; path = Info.plist; sourceTree = "<group>"; };
		7B8F096CEEB4CDA205E1F3C8 /* Pods-Lyrics Finder.release.xcconfig */ = {isa = PBXFileReference; includeInIndex = 1; lastKnownFileType = text.xcconfig; name = "Pods-Lyrics Finder.release.xcconfig"; path = "Pods/Target Support Files/Pods-Lyrics Finder/Pods-Lyrics Finder.release.xcconfig"; sourceTree = "<group>"; };
		D56EFD9B15E27F0AB6D1473A /* Pods-Lyrics Finder.debug.xcconfig */ = {isa = PBXFileReference; includeInIndex = 1; lastKnownFileType = text.xcconfig; name = "Pods-Lyrics Finder.debug.xcconfig"; path = "Pods/Target Support Files/Pods-Lyrics Finder/Pods-Lyrics Finder.debug.xcconfig"; sourceTree = "<group>"; };
		FC9A41B01C251F5453B09FFD /* Pods_Lyrics_Finder.framework */ = {isa = PBXFileReference; explicitFileType = wrapper.framework; includeInIndex = 0; path = Pods_Lyrics_Finder.framework; sourceTree = BUILT_PRODUCTS_DIR; };
/* End PBXFileReference section */

/* Begin PBXFrameworksBuildPhase section */
		5B25A00B2110A9420063A31C /* Frameworks */ = {
			isa = PBXFrameworksBuildPhase;
			buildActionMask = 2147483647;
			files = (
				0E86693B9F946210AC42E606 /* Pods_Lyrics_Finder.framework in Frameworks */,
			);
			runOnlyForDeploymentPostprocessing = 0;
		};
/* End PBXFrameworksBuildPhase section */

/* Begin PBXGroup section */
		30B43739787CD3B02C2204F0 /* Frameworks */ = {
			isa = PBXGroup;
			children = (
				FC9A41B01C251F5453B09FFD /* Pods_Lyrics_Finder.framework */,
			);
			name = Frameworks;
			sourceTree = "<group>";
		};
		5B25A0052110A9420063A31C = {
			isa = PBXGroup;
			children = (
				5B25A0102110A9420063A31C /* Lyrics Finder */,
				5B25A00F2110A9420063A31C /* Products */,
				FB8ADFCCBDBFE1A0EE837EDB /* Pods */,
				30B43739787CD3B02C2204F0 /* Frameworks */,
			);
			sourceTree = "<group>";
		};
		5B25A00F2110A9420063A31C /* Products */ = {
			isa = PBXGroup;
			children = (
				5B25A00E2110A9420063A31C /* Lyrics Finder.app */,
			);
			name = Products;
			sourceTree = "<group>";
		};
		5B25A0102110A9420063A31C /* Lyrics Finder */ = {
			isa = PBXGroup;
			children = (
				5B25A0112110A9420063A31C /* AppDelegate.swift */,
				5B25A0132110A9420063A31C /* ViewController.swift */,
				5B25A0152110A9420063A31C /* Main.storyboard */,
				5B25A0182110A9440063A31C /* Assets.xcassets */,
				5B25A01A2110A9440063A31C /* LaunchScreen.storyboard */,
				5B25A01D2110A9440063A31C /* Info.plist */,
			);
			path = "Lyrics Finder";
			sourceTree = "<group>";
		};
		FB8ADFCCBDBFE1A0EE837EDB /* Pods */ = {
			isa = PBXGroup;
			children = (
				D56EFD9B15E27F0AB6D1473A /* Pods-Lyrics Finder.debug.xcconfig */,
				7B8F096CEEB4CDA205E1F3C8 /* Pods-Lyrics Finder.release.xcconfig */,
			);
			name = Pods;
			sourceTree = "<group>";
		};
/* End PBXGroup section */

/* Begin PBXNativeTarget section */
		5B25A00D2110A9420063A31C /* Lyrics Finder */ = {
			isa = PBXNativeTarget;
			buildConfigurationList = 5B25A0202110A9440063A31C /* Build configuration list for PBXNativeTarget "Lyrics Finder" */;
			buildPhases = (
				C3A8971388792F0875DCD697 /* [CP] Check Pods Manifest.lock */,
				5B25A00A2110A9420063A31C /* Sources */,
				5B25A00B2110A9420063A31C /* Frameworks */,
				5B25A00C2110A9420063A31C /* Resources */,
				0A684C7A713603ABCF95276D /* [CP] Embed Pods Frameworks */,
			);
			buildRules = (
			);
			dependencies = (
			);
			name = "Lyrics Finder";
			productName = "Lyrics Finder";
			productReference = 5B25A00E2110A9420063A31C /* Lyrics Finder.app */;
			productType = "com.apple.product-type.application";
		};
/* End PBXNativeTarget section */

/* Begin PBXProject section */
		5B25A0062110A9420063A31C /* Project object */ = {
			isa = PBXProject;
			attributes = {
				LastSwiftUpdateCheck = 0940;
				LastUpgradeCheck = 0940;
				ORGANIZATIONNAME = "Izakk Carrillo";
				TargetAttributes = {
					5B25A00D2110A9420063A31C = {
						CreatedOnToolsVersion = 9.4.1;
					};
				};
			};
			buildConfigurationList = 5B25A0092110A9420063A31C /* Build configuration list for PBXProject "Lyrics Finder" */;
			compatibilityVersion = "Xcode 9.3";
			developmentRegion = en;
			hasScannedForEncodings = 0;
			knownRegions = (
				en,
				Base,
			);
			mainGroup = 5B25A0052110A9420063A31C;
			productRefGroup = 5B25A00F2110A9420063A31C /* Products */;
			projectDirPath = "";
			projectRoot = "";
			targets = (
				5B25A00D2110A9420063A31C /* Lyrics Finder */,
			);
		};
/* End PBXProject section */

/* Begin PBXResourcesBuildPhase section */
		5B25A00C2110A9420063A31C /* Resources */ = {
			isa = PBXResourcesBuildPhase;
			buildActionMask = 2147483647;
			files = (
				5B25A01C2110A9440063A31C /* LaunchScreen.storyboard in Resources */,
				5B25A0192110A9440063A31C /* Assets.xcassets in Resources */,
				5B25A0172110A9420063A31C /* Main.storyboard in Resources */,
			);
			runOnlyForDeploymentPostprocessing = 0;
		};
/* End PBXResourcesBuildPhase section */

/* Begin PBXShellScriptBuildPhase section */
		0A684C7A713603ABCF95276D /* [CP] Embed Pods Frameworks */ = {
			isa = PBXShellScriptBuildPhase;
			buildActionMask = 2147483647;
			files = (
			);
			inputPaths = (
				"${SRCROOT}/Pods/Target Support Files/Pods-Lyrics Finder/Pods-Lyrics Finder-frameworks.sh",
				"${BUILT_PRODUCTS_DIR}/Alamofire/Alamofire.framework",
				"${BUILT_PRODUCTS_DIR}/SwiftyJSON/SwiftyJSON.framework",
				"${BUILT_PRODUCTS_DIR}/TextFieldEffects/TextFieldEffects.framework",
			);
			name = "[CP] Embed Pods Frameworks";
			outputPaths = (
				"${TARGET_BUILD_DIR}/${FRAMEWORKS_FOLDER_PATH}/Alamofire.framework",
				"${TARGET_BUILD_DIR}/${FRAMEWORKS_FOLDER_PATH}/SwiftyJSON.framework",
				"${TARGET_BUILD_DIR}/${FRAMEWORKS_FOLDER_PATH}/TextFieldEffects.framework",
			);
			runOnlyForDeploymentPostprocessing = 0;
			shellPath = /bin/sh;
			shellScript = "\"${SRCROOT}/Pods/Target Support Files/Pods-Lyrics Finder/Pods-Lyrics Finder-frameworks.sh\"\n";
			showEnvVarsInLog = 0;
		};
		C3A8971388792F0875DCD697 /* [CP] Check Pods Manifest.lock */ = {
			isa = PBXShellScriptBuildPhase;
			buildActionMask = 2147483647;
			files = (
			);
			inputPaths = (
				"${PODS_PODFILE_DIR_PATH}/Podfile.lock",
				"${PODS_ROOT}/Manifest.lock",
			);
			name = "[CP] Check Pods Manifest.lock";
			outputPaths = (
				"$(DERIVED_FILE_DIR)/Pods-Lyrics Finder-checkManifestLockResult.txt",
			);
			runOnlyForDeploymentPostprocessing = 0;
			shellPath = /bin/sh;
			shellScript = "diff \"${PODS_PODFILE_DIR_PATH}/Podfile.lock\" \"${PODS_ROOT}/Manifest.lock\" > /dev/null\nif [ $? != 0 ] ; then\n    # print error to STDERR\n    echo \"error: The sandbox is not in sync with the Podfile.lock. Run 'pod install' or update your CocoaPods installation.\" >&2\n    exit 1\nfi\n# This output is used by Xcode 'outputs' to avoid re-running this script phase.\necho \"SUCCESS\" > \"${SCRIPT_OUTPUT_FILE_0}\"\n";
			showEnvVarsInLog = 0;
		};
/* End PBXShellScriptBuildPhase section */

/* Begin PBXSourcesBuildPhase section */
		5B25A00A2110A9420063A31C /* Sources */ = {
			isa = PBXSourcesBuildPhase;
			buildActionMask = 2147483647;
			files = (
				5B25A0142110A9420063A31C /* ViewController.swift in Sources */,
				5B25A0122110A9420063A31C /* AppDelegate.swift in Sources */,
			);
			runOnlyForDeploymentPostprocessing = 0;
		};
/* End PBXSourcesBuildPhase section */

/* Begin PBXVariantGroup section */
		5B25A0152110A9420063A31C /* Main.storyboard */ = {
			isa = PBXVariantGroup;
			children = (
				5B25A0162110A9420063A31C /* Base */,
			);
			name = Main.storyboard;
			sourceTree = "<group>";
		};
		5B25A01A2110A9440063A31C /* LaunchScreen.storyboard */ = {
			isa = PBXVariantGroup;
			children = (
				5B25A01B2110A9440063A31C /* Base */,
			);
			name = LaunchScreen.storyboard;
			sourceTree = "<group>";
		};
/* End PBXVariantGroup section */

/* Begin XCBuildConfiguration section */
		5B25A01E2110A9440063A31C /* Debug */ = {
			isa = XCBuildConfiguration;
			buildSettings = {
				ALWAYS_SEARCH_USER_PATHS = NO;
				CLANG_ANALYZER_NONNULL = YES;
				CLANG_ANALYZER_NUMBER_OBJECT_CONVERSION = YES_AGGRESSIVE;
				CLANG_CXX_LANGUAGE_STANDARD = "gnu++14";
				CLANG_CXX_LIBRARY = "libc++";
				CLANG_ENABLE_MODULES = YES;
				CLANG_ENABLE_OBJC_ARC = YES;
				CLANG_ENABLE_OBJC_WEAK = YES;
				CLANG_WARN_BLOCK_CAPTURE_AUTORELEASING = YES;
				CLANG_WARN_BOOL_CONVERSION = YES;
				CLANG_WARN_COMMA = YES;
				CLANG_WARN_CONSTANT_CONVERSION = YES;
				CLANG_WARN_DEPRECATED_OBJC_IMPLEMENTATIONS = YES;
				CLANG_WARN_DIRECT_OBJC_ISA_USAGE = YES_ERROR;
				CLANG_WARN_DOCUMENTATION_COMMENTS = YES;
				CLANG_WARN_EMPTY_BODY = YES;
				CLANG_WARN_ENUM_CONVERSION = YES;
				CLANG_WARN_INFINITE_RECURSION = YES;
				CLANG_WARN_INT_CONVERSION = YES;
				CLANG_WARN_NON_LITERAL_NULL_CONVERSION = YES;
				CLANG_WARN_OBJC_IMPLICIT_RETAIN_SELF = YES;
				CLANG_WARN_OBJC_LITERAL_CONVERSION = YES;
				CLANG_WARN_OBJC_ROOT_CLASS = YES_ERROR;
				CLANG_WARN_RANGE_LOOP_ANALYSIS = YES;
				CLANG_WARN_STRICT_PROTOTYPES = YES;
				CLANG_WARN_SUSPICIOUS_MOVE = YES;
				CLANG_WARN_UNGUARDED_AVAILABILITY = YES_AGGRESSIVE;
				CLANG_WARN_UNREACHABLE_CODE = YES;
				CLANG_WARN__DUPLICATE_METHOD_MATCH = YES;
				CODE_SIGN_IDENTITY = "iPhone Developer";
				COPY_PHASE_STRIP = NO;
				DEBUG_INFORMATION_FORMAT = dwarf;
				ENABLE_STRICT_OBJC_MSGSEND = YES;
				ENABLE_TESTABILITY = YES;
				GCC_C_LANGUAGE_STANDARD = gnu11;
				GCC_DYNAMIC_NO_PIC = NO;
				GCC_NO_COMMON_BLOCKS = YES;
				GCC_OPTIMIZATION_LEVEL = 0;
				GCC_PREPROCESSOR_DEFINITIONS = (
					"DEBUG=1",
					"$(inherited)",
				);
				GCC_WARN_64_TO_32_BIT_CONVERSION = YES;
				GCC_WARN_ABOUT_RETURN_TYPE = YES_ERROR;
				GCC_WARN_UNDECLARED_SELECTOR = YES;
				GCC_WARN_UNINITIALIZED_AUTOS = YES_AGGRESSIVE;
				GCC_WARN_UNUSED_FUNCTION = YES;
				GCC_WARN_UNUSED_VARIABLE = YES;
				IPHONEOS_DEPLOYMENT_TARGET = 11.4;
				MTL_ENABLE_DEBUG_INFO = YES;
				ONLY_ACTIVE_ARCH = YES;
				SDKROOT = iphoneos;
				SWIFT_ACTIVE_COMPILATION_CONDITIONS = DEBUG;
				SWIFT_OPTIMIZATION_LEVEL = "-Onone";
			};
			name = Debug;
		};
		5B25A01F2110A9440063A31C /* Release */ = {
			isa = XCBuildConfiguration;
			buildSettings = {
				ALWAYS_SEARCH_USER_PATHS = NO;
				CLANG_ANALYZER_NONNULL = YES;
				CLANG_ANALYZER_NUMBER_OBJECT_CONVERSION = YES_AGGRESSIVE;
				CLANG_CXX_LANGUAGE_STANDARD = "gnu++14";
				CLANG_CXX_LIBRARY = "libc++";
				CLANG_ENABLE_MODULES = YES;
				CLANG_ENABLE_OBJC_ARC = YES;
				CLANG_ENABLE_OBJC_WEAK = YES;
				CLANG_WARN_BLOCK_CAPTURE_AUTORELEASING = YES;
				CLANG_WARN_BOOL_CONVERSION = YES;
				CLANG_WARN_COMMA = YES;
				CLANG_WARN_CONSTANT_CONVERSION = YES;
				CLANG_WARN_DEPRECATED_OBJC_IMPLEMENTATIONS = YES;
				CLANG_WARN_DIRECT_OBJC_ISA_USAGE = YES_ERROR;
				CLANG_WARN_DOCUMENTATION_COMMENTS = YES;
				CLANG_WARN_EMPTY_BODY = YES;
				CLANG_WARN_ENUM_CONVERSION = YES;
				CLANG_WARN_INFINITE_RECURSION = YES;
				CLANG_WARN_INT_CONVERSION = YES;
				CLANG_WARN_NON_LITERAL_NULL_CONVERSION = YES;
				CLANG_WARN_OBJC_IMPLICIT_RETAIN_SELF = YES;
				CLANG_WARN_OBJC_LITERAL_CONVERSION = YES;
				CLANG_WARN_OBJC_ROOT_CLASS = YES_ERROR;
				CLANG_WARN_RANGE_LOOP_ANALYSIS = YES;
				CLANG_WARN_STRICT_PROTOTYPES = YES;
				CLANG_WARN_SUSPICIOUS_MOVE = YES;
				CLANG_WARN_UNGUARDED_AVAILABILITY = YES_AGGRESSIVE;
				CLANG_WARN_UNREACHABLE_CODE = YES;
				CLANG_WARN__DUPLICATE_METHOD_MATCH = YES;
				CODE_SIGN_IDENTITY = "iPhone Developer";
				COPY_PHASE_STRIP = NO;
				DEBUG_INFORMATION_FORMAT = "dwarf-with-dsym";
				ENABLE_NS_ASSERTIONS = NO;
				ENABLE_STRICT_OBJC_MSGSEND = YES;
				GCC_C_LANGUAGE_STANDARD = gnu11;
				GCC_NO_COMMON_BLOCKS = YES;
				GCC_WARN_64_TO_32_BIT_CONVERSION = YES;
				GCC_WARN_ABOUT_RETURN_TYPE = YES_ERROR;
				GCC_WARN_UNDECLARED_SELECTOR = YES;
				GCC_WARN_UNINITIALIZED_AUTOS = YES_AGGRESSIVE;
				GCC_WARN_UNUSED_FUNCTION = YES;
				GCC_WARN_UNUSED_VARIABLE = YES;
				IPHONEOS_DEPLOYMENT_TARGET = 11.4;
				MTL_ENABLE_DEBUG_INFO = NO;
				SDKROOT = iphoneos;
				SWIFT_COMPILATION_MODE = wholemodule;
				SWIFT_OPTIMIZATION_LEVEL = "-O";
				VALIDATE_PRODUCT = YES;
			};
			name = Release;
		};
		5B25A0212110A9440063A31C /* Debug */ = {
			isa = XCBuildConfiguration;
			baseConfigurationReference = D56EFD9B15E27F0AB6D1473A /* Pods-Lyrics Finder.debug.xcconfig */;
			buildSettings = {
				ASSETCATALOG_COMPILER_APPICON_NAME = AppIcon;
				CODE_SIGN_STYLE = Automatic;
				INFOPLIST_FILE = "Lyrics Finder/Info.plist";
				LD_RUNPATH_SEARCH_PATHS = (
					"$(inherited)",
					"@executable_path/Frameworks",
				);
				PRODUCT_BUNDLE_IDENTIFIER = "com.izakkCarrillo.Lyrics-Finder";
				PRODUCT_NAME = "$(TARGET_NAME)";
				SWIFT_VERSION = 4.0;
				TARGETED_DEVICE_FAMILY = "1,2";
			};
			name = Debug;
		};
		5B25A0222110A9440063A31C /* Release */ = {
			isa = XCBuildConfiguration;
			baseConfigurationReference = 7B8F096CEEB4CDA205E1F3C8 /* Pods-Lyrics Finder.release.xcconfig */;
			buildSettings = {
				ASSETCATALOG_COMPILER_APPICON_NAME = AppIcon;
				CODE_SIGN_STYLE = Automatic;
				INFOPLIST_FILE = "Lyrics Finder/Info.plist";
				LD_RUNPATH_SEARCH_PATHS = (
					"$(inherited)",
					"@executable_path/Frameworks",
				);
				PRODUCT_BUNDLE_IDENTIFIER = "com.izakkCarrillo.Lyrics-Finder";
				PRODUCT_NAME = "$(TARGET_NAME)";
				SWIFT_VERSION = 4.0;
				TARGETED_DEVICE_FAMILY = "1,2";
			};
			name = Release;
		};
/* End XCBuildConfiguration section */

/* Begin XCConfigurationList section */
		5B25A0092110A9420063A31C /* Build configuration list for PBXProject "Lyrics Finder" */ = {
			isa = XCConfigurationList;
			buildConfigurations = (
				5B25A01E2110A9440063A31C /* Debug */,
				5B25A01F2110A9440063A31C /* Release */,
			);
			defaultConfigurationIsVisible = 0;
			defaultConfigurationName = Release;
		};
		5B25A0202110A9440063A31C /* Build configuration list for PBXNativeTarget "Lyrics Finder" */ = {
			isa = XCConfigurationList;
			buildConfigurations = (
				5B25A0212110A9440063A31C /* Debug */,
				5B25A0222110A9440063A31C /* Release */,
			);
			defaultConfigurationIsVisible = 0;
			defaultConfigurationName = Release;
		};
/* End XCConfigurationList section */
	};
	rootObject = 5B25A0062110A9420063A31C /* Project object */;
}
